{
    "version": 3,
    "terraform_version": "0.11.8",
    "serial": 3,
    "lineage": "277115f3-1d25-d05c-e600-b64973a72547",
    "modules": [
        {
            "path": [
                "root"
            ],
            "outputs": {},
            "resources": {
                "google_container_cluster.primary": {
                    "type": "google_container_cluster",
                    "depends_on": [],
                    "primary": {
                        "id": "my-gke-example",
                        "attributes": {
                            "additional_zones.#": "3",
                            "additional_zones.1988413740": "us-east1-d",
                            "additional_zones.551448234": "us-east1-b",
                            "additional_zones.969236459": "us-east1-c",
                            "addons_config.#": "1",
                            "addons_config.0.horizontal_pod_autoscaling.#": "0",
                            "addons_config.0.http_load_balancing.#": "0",
                            "addons_config.0.kubernetes_dashboard.#": "0",
                            "addons_config.0.network_policy_config.#": "1",
                            "addons_config.0.network_policy_config.0.disabled": "true",
                            "cluster_ipv4_cidr": "10.12.0.0/14",
                            "description": "",
                            "enable_binary_authorization": "false",
                            "enable_kubernetes_alpha": "false",
                            "enable_legacy_abac": "false",
                            "endpoint": "35.231.224.190",
                            "id": "my-gke-example",
                            "initial_node_count": "1",
                            "instance_group_urls.#": "3",
                            "instance_group_urls.0": "https://www.googleapis.com/compute/v1/projects/my-terraform-gke/zones/us-east1-b/instanceGroups/gke-my-gke-example-default-pool-991105fd-grp",
                            "instance_group_urls.1": "https://www.googleapis.com/compute/v1/projects/my-terraform-gke/zones/us-east1-d/instanceGroups/gke-my-gke-example-default-pool-7e55a055-grp",
                            "instance_group_urls.2": "https://www.googleapis.com/compute/v1/projects/my-terraform-gke/zones/us-east1-c/instanceGroups/gke-my-gke-example-default-pool-64fd03d9-grp",
                            "ip_allocation_policy.#": "0",
                            "logging_service": "logging.googleapis.com",
                            "maintenance_policy.#": "0",
                            "master_auth.#": "1",
                            "master_auth.0.client_certificate": "LS0tLS1CRUdJTiBDRVJUSUZJQ0FURS0tLS0tCk1JSUMyekNDQWNPZ0F3SUJBZ0lSQU5JL3NlSHl5ZWl2Q292ZW9XLzNJbjB3RFFZSktvWklodmNOQVFFTEJRQXcKTHpFdE1Dc0dBMVVFQXhNa1pEZGlNRGt5TkRZdE1HSTROaTAwTVdFMExUZzVPREV0WlRoaE9EaGxaakZpTldJegpNQjRYRFRFNE1UQXdOVEF3TkRjeU9Wb1hEVEl6TVRBd05EQXdORGN5T1Zvd0VURVBNQTBHQTFVRUF4TUdZMnhwClpXNTBNSUlCSWpBTkJna3Foa2lHOXcwQkFRRUZBQU9DQVE4QU1JSUJDZ0tDQVFFQXZMMTBMdlliYUlrZVdSaVAKaHUxVDNxaFVaREcvREw2QWl4cHpOaUIyOFFhQ0paRWlZMXhzOXJwWEJNOVRLbXRsNG14d3NCRzFQSFVMV2k5RwpDZ0NSajBRbGd3VTB6dFJuQlZNZjZpaHEzYXJBaVJyUElqTmhBd0EySDFYZ0tURGp4MC93Vy9sdjF4UTZGakFJCkZHVjVTeTNqRUp3U1VrQnNGdzVzTVZub2pnTHcwRjdjVFFWck9tL3hBUEgwbUg4eGxPTi9obXhhMjJpUG4vY0oKQzM4Mjl0NjBqZ25CL3ZPbHZEMWxjamRicXZaWXAzUlA0bzliZ0EwbkdFNFc5WkVJK2Job3pBZUIyWXRqWkpLUApwbWJoSnFRZ3FFWFdjajJ2djlZc0NVZ2l1V2RJSkpKMGZaZmUvakpnQ1hZbjlhVjV5Wi94NXdmcnZZTXp5NE5KCk85cHg3d0lEQVFBQm94QXdEakFNQmdOVkhSTUJBZjhFQWpBQU1BMEdDU3FHU0liM0RRRUJDd1VBQTRJQkFRQi8KQmJuVk1STkRPdHM3TnpCeWwyVldQOUlvZkpFdXR0NXd0dHRLUlVnaThQR3lZYStYam15eUZwejFsamZXSGYrQQpMVzQ2eTVaSzJCeTdhTXFybG1FKzk5Q0N3UU5MY3lmWXlqZzZXbEw5ZDJGREo1MXVMWVQ5MzlGcTZvNnNaRnhhCm01SjJUaU5zVjlvWG05S2c5LzZuT2dBb2Y4WDJVNGMzSkVTWXJ3Qkt6OGQyUk9EWXFxQVBSZXVRMFNucXhrVmEKcVFYSDZHLys5VDk4LzZ3WmZSSENuOEthV0NCZiszRFQ0QlVrL0pBclBsMXVsdDg3VERRVEZSYjBCbjl6bnVtZgpOQVVpc0d4MHJXT0o5T2tMai82K3VPNWlZTFIrWmo5ZDFzb0o0WTd4WllpS2dPeVltRzBycGpBRkVxU25kb2ZzCmdwM291Z3dmaDYwMk9FcVF4aU11Ci0tLS0tRU5EIENFUlRJRklDQVRFLS0tLS0K",
                            "master_auth.0.client_certificate_config.#": "0",
                            "master_auth.0.client_key": "LS0tLS1CRUdJTiBSU0EgUFJJVkFURSBLRVktLS0tLQpNSUlFcEFJQkFBS0NBUUVBdkwxMEx2WWJhSWtlV1JpUGh1MVQzcWhVWkRHL0RMNkFpeHB6TmlCMjhRYUNKWkVpClkxeHM5cnBYQk05VEttdGw0bXh3c0JHMVBIVUxXaTlHQ2dDUmowUWxnd1UwenRSbkJWTWY2aWhxM2FyQWlSclAKSWpOaEF3QTJIMVhnS1REangwL3dXL2x2MXhRNkZqQUlGR1Y1U3kzakVKd1NVa0JzRnc1c01Wbm9qZ0x3MEY3YwpUUVZyT20veEFQSDBtSDh4bE9OL2hteGEyMmlQbi9jSkMzODI5dDYwamduQi92T2x2RDFsY2pkYnF2WllwM1JQCjRvOWJnQTBuR0U0VzlaRUkrYmhvekFlQjJZdGpaSktQcG1iaEpxUWdxRVhXY2oydnY5WXNDVWdpdVdkSUpKSjAKZlpmZS9qSmdDWFluOWFWNXlaL3g1d2ZydllNenk0TkpPOXB4N3dJREFRQUJBb0lCQUE2dERLTzZMMWRwa2hxTApkbDJmaHE0Qm1NNVJyL0ZsdnNrU1BYTXdBdytxMmVQaDdUS2N0VHhhTVBvR3hRaS9ZU1RDR2VFVy8yaThFUzNxCkR5QW4reW1RdXZuOUphWVBqaE16NjM5aHRTMlhZWEZIekdOMGEwNjRiWHp5U0lQcmNVckdSSUppV3ZmMmNxM1cKL2tuWHVoN0dhcW1YK1RTOEhhdU5TNHhxMlZKeGRidWVFVzdWbnFBcnpDYllVUk8rR3dIaHA0UmFadWh2K3ErTwowNVgyMUZGbGRVQ1ZhZUtFYy90VUVoc2p1dUhwMTQ2cVF0Q1dBbUZpT1dpV1JlUGRvcHJkZDVPV2xQRllPMmkrClZiWi9Cd2M1ekRqYWVSKzVFVjFhak5Xci9GZWtOWDdPdEFCN2xlODE5ZWRMOXo0SGxxWFFPTFh5anlhSEE0bXcKZDliN0NjRUNnWUVBODF1TlpXZEYxS2UxdExzYlhDU3lDNkR6SmZxUGg3Uk10UlMzaFFGcDVySkQ0RldnbVViYwpya2VuT3V6cjZOSSs0cVNleG80VzF4OXhRaXlSQ0VlVG5hQkZETHBmM3FGVldLaU90bWFnWEdMUVdhVlhTZDc2CjZYRHBGRFlaREwvTHpZN0FFbS9rQ2pKWWMzVUNPVXV0NElEY3kzS1Nyd0ZMWkUzekpiUkZnWDBDZ1lFQXhvdUkKM3lRV2hjNFZwZFhqM0pHVThvTXRYYXBQTXFpU1FLVkxhaFFDVDNQd0dLT1VjRUlFOVE0YWc4ZFA5LzBNL1FUQQprR3U5Rnhod3dKd3Vkdy9mV3RqWUhCM055alM4YnlnSXY3QVFsdS8rTkREUDZCZ3NuY3dlQTFGVmtNVHUwQWp6Cm1TY0t0N2hkZkRDeEY0NUx3bWdxZ2kwcEJtMGpuTkZiQTJnWEhOc0NnWUFHbEhjaVFzU1VsMlJHV3JqR3FRZFgKWVNheDVEQjFUdDYwRnJkUGxWWXpzcVk3THBXRkQzRndGT2Zrby90TTlFSlhCblIwa2VyMExobDEzSmFmVHJBagpGdTVIQmRNSnhmcjB4cm4xSEpsQlpqcVQ4ZkNHUXMwdCtxdVNyRlBKRUhhR1BGSGRMY0ZRdFVQRysyYnYvYWZaCjVpSVNMaXJoS0h2TlhuNHdpc3RHVVFLQmdRQ2lyb1JZNmhYMlR6VlhxNWxJQ3BWejNGNFlxRXE2Wkh0cHNzYkgKUlZ2YlJGRVByMEVhZGszZmlVM2FlajZoSU53Nm1XRTdOTHc4SjArRDByVVQ0NUtNdXE3ZzR0N1M5MEVMQjArYgoyU1RPdUJpZkpQdkYzY0Q1RHQzc3RBRWJYUEdjemlqamJhVVBnbVkvTXhwNEJhVTN4dWhGdjhFa3ZkcDNUT2Q1Ck5CbjBEd0tCZ1FDTk1oMGZWZmpORnp3aGR3cFFrZStRVkViNHQyRkM4aFQ0amV1eVU4OEJqM2oxb3JmUThKUEcKVEVjNlBwclNuZjNjTi9VL1NSSHVmelgxUDZBYzVRcDMxVXNIVUdoeWRaSVFUcDdKRWNhMkgxWmtvZjI3Qy9ERQphdGNGcDZ6eDFUYUtQdUhCYWtTdzUyRVc2RVh1UEVzVC9XS0M0S1hGSkNObFFwd3ZuSTBlTEE9PQotLS0tLUVORCBSU0EgUFJJVkFURSBLRVktLS0tLQo=",
                            "master_auth.0.cluster_ca_certificate": "LS0tLS1CRUdJTiBDRVJUSUZJQ0FURS0tLS0tCk1JSURDekNDQWZPZ0F3SUJBZ0lRRUxyMklqVlRzL2FlZGhFQlBIdkxPREFOQmdrcWhraUc5dzBCQVFzRkFEQXYKTVMwd0t3WURWUVFERXlSa04ySXdPVEkwTmkwd1lqZzJMVFF4WVRRdE9EazRNUzFsT0dFNE9HVm1NV0kxWWpNdwpIaGNOTVRneE1EQTBNak0wTnpJNVdoY05Nak14TURBME1EQTBOekk1V2pBdk1TMHdLd1lEVlFRREV5UmtOMkl3Ck9USTBOaTB3WWpnMkxUUXhZVFF0T0RrNE1TMWxPR0U0T0dWbU1XSTFZak13Z2dFaU1BMEdDU3FHU0liM0RRRUIKQVFVQUE0SUJEd0F3Z2dFS0FvSUJBUUNsOU8zRTViV1BsN1J4Rm9oRnZWZHk4NFZjZ2RSWHJxODFxelMyY3phdApkdkE4UE8rRVpnWWpvNXNBVVJrNi9RQmFJK0tVWXJOdnE1eDJJUUd6MlZ1TjNJbTh2M0xOZ2lzZ2dqeHFGREViCmRXYnVqOGY4N3EzeDhRVWVtQkVOYlBDbnI0c0lDR0lYbWgvV0JhblVFekJudjZpT0JyM0lsL1IrWk8rN3R0U28KL1Q1SHhwMWFxUFR6ZnNGa2ZQVmNKWHFQS3k2RWtJQlFlQVZCakphTTFZMVBwMkptTFRhTWt2SkRIZS9aY2tYYwowOUFjS0I0UzZtV1drYk96MjRKVEcvbm83WUxhSTNac3VXcnVzQXJuTWlGUjVqZm1YQlFVUnlTaEVmaEkxbmwwCnZZR3FPcXhaM04yNmtjLzFOdE9na3UwNjFHM0F2STI4djhMUVFzZWZmMCtGQWdNQkFBR2pJekFoTUE0R0ExVWQKRHdFQi93UUVBd0lDQkRBUEJnTlZIUk1CQWY4RUJUQURBUUgvTUEwR0NTcUdTSWIzRFFFQkN3VUFBNElCQVFCbwp6aWRleHZBbmZrMWpSWGE2ZStBMVZ1MzdLazBvNXRsZGdrVFZyUUMyK1VvY0Z0YXRtQ1JLQVNuL0hrSktnYm9CCmVSSVVCN3A5WHF3bHdHN014SjEwU3l4QkY3MVpxems0S0ZDNy8xb2pxSWUray9HeWJ0U0VnTnptaFowNzljL0QKTEUxS2pFWnZZSU9GVkgzbXFSclhXekVLVForMW9BdUxaelVBUXQ4VEFLVUdDUFhUelpxdExJRHMrTmgvSjBMeQpJZ1J2bDFIMGhoOU4veWZnV21QTzc4eVA2QWJZMHFpNG10dU1kT09hUWEya0tJS1pZRm1MN1hGL2Q0Uk9QTENxCmh2WHhEaVg1alZUNGRmNUVRdERUYkhSSkk5elNaYW1kRlpzaXdlZmh6UjAvQWNabEFoeVpqT29pbEQxZ3RpcDMKYU00Q2hmU1RyNEhhTlV5Rmpub3UKLS0tLS1FTkQgQ0VSVElGSUNBVEUtLS0tLQo=",
                            "master_auth.0.password": "BEOP5Y6HDCxZL1Tc",
                            "master_auth.0.username": "admin",
                            "master_authorized_networks_config.#": "0",
                            "master_ipv4_cidr_block": "",
                            "master_version": "1.9.7-gke.6",
                            "monitoring_service": "monitoring.googleapis.com",
                            "name": "my-gke-example",
                            "network": "projects/my-terraform-gke/global/networks/default",
                            "network_policy.#": "1",
                            "network_policy.0.enabled": "false",
                            "network_policy.0.provider": "PROVIDER_UNSPECIFIED",
                            "node_config.#": "1",
                            "node_config.0.disk_size_gb": "100",
                            "node_config.0.disk_type": "pd-standard",
                            "node_config.0.guest_accelerator.#": "0",
                            "node_config.0.image_type": "COS",
                            "node_config.0.labels.%": "0",
                            "node_config.0.local_ssd_count": "0",
                            "node_config.0.machine_type": "n1-standard-1",
                            "node_config.0.metadata.%": "0",
                            "node_config.0.min_cpu_platform": "",
                            "node_config.0.oauth_scopes.#": "6",
                            "node_config.0.oauth_scopes.1277378754": "https://www.googleapis.com/auth/monitoring",
                            "node_config.0.oauth_scopes.1632638332": "https://www.googleapis.com/auth/devstorage.read_only",
                            "node_config.0.oauth_scopes.172152165": "https://www.googleapis.com/auth/logging.write",
                            "node_config.0.oauth_scopes.316356861": "https://www.googleapis.com/auth/service.management.readonly",
                            "node_config.0.oauth_scopes.3663490875": "https://www.googleapis.com/auth/servicecontrol",
                            "node_config.0.oauth_scopes.3859019814": "https://www.googleapis.com/auth/trace.append",
                            "node_config.0.preemptible": "false",
                            "node_config.0.service_account": "default",
                            "node_config.0.tags.#": "0",
                            "node_config.0.taint.#": "0",
                            "node_config.0.workload_metadata_config.#": "0",
                            "node_pool.#": "1",
                            "node_pool.0.autoscaling.#": "0",
                            "node_pool.0.initial_node_count": "1",
                            "node_pool.0.instance_group_urls.#": "3",
                            "node_pool.0.instance_group_urls.0": "https://www.googleapis.com/compute/v1/projects/my-terraform-gke/zones/us-east1-b/instanceGroupManagers/gke-my-gke-example-default-pool-991105fd-grp",
                            "node_pool.0.instance_group_urls.1": "https://www.googleapis.com/compute/v1/projects/my-terraform-gke/zones/us-east1-d/instanceGroupManagers/gke-my-gke-example-default-pool-7e55a055-grp",
                            "node_pool.0.instance_group_urls.2": "https://www.googleapis.com/compute/v1/projects/my-terraform-gke/zones/us-east1-c/instanceGroupManagers/gke-my-gke-example-default-pool-64fd03d9-grp",
                            "node_pool.0.management.#": "1",
                            "node_pool.0.management.0.auto_repair": "false",
                            "node_pool.0.management.0.auto_upgrade": "false",
                            "node_pool.0.max_pods_per_node": "0",
                            "node_pool.0.name": "default-pool",
                            "node_pool.0.name_prefix": "",
                            "node_pool.0.node_config.#": "1",
                            "node_pool.0.node_config.0.disk_size_gb": "100",
                            "node_pool.0.node_config.0.disk_type": "pd-standard",
                            "node_pool.0.node_config.0.guest_accelerator.#": "0",
                            "node_pool.0.node_config.0.image_type": "COS",
                            "node_pool.0.node_config.0.labels.%": "0",
                            "node_pool.0.node_config.0.local_ssd_count": "0",
                            "node_pool.0.node_config.0.machine_type": "n1-standard-1",
                            "node_pool.0.node_config.0.metadata.%": "0",
                            "node_pool.0.node_config.0.min_cpu_platform": "",
                            "node_pool.0.node_config.0.oauth_scopes.#": "6",
                            "node_pool.0.node_config.0.oauth_scopes.1277378754": "https://www.googleapis.com/auth/monitoring",
                            "node_pool.0.node_config.0.oauth_scopes.1632638332": "https://www.googleapis.com/auth/devstorage.read_only",
                            "node_pool.0.node_config.0.oauth_scopes.172152165": "https://www.googleapis.com/auth/logging.write",
                            "node_pool.0.node_config.0.oauth_scopes.316356861": "https://www.googleapis.com/auth/service.management.readonly",
                            "node_pool.0.node_config.0.oauth_scopes.3663490875": "https://www.googleapis.com/auth/servicecontrol",
                            "node_pool.0.node_config.0.oauth_scopes.3859019814": "https://www.googleapis.com/auth/trace.append",
                            "node_pool.0.node_config.0.preemptible": "false",
                            "node_pool.0.node_config.0.service_account": "default",
                            "node_pool.0.node_config.0.tags.#": "0",
                            "node_pool.0.node_config.0.taint.#": "0",
                            "node_pool.0.node_config.0.workload_metadata_config.#": "0",
                            "node_pool.0.node_count": "1",
                            "node_pool.0.version": "1.9.7-gke.6",
                            "node_version": "1.9.7-gke.6",
                            "pod_security_policy_config.#": "0",
                            "private_cluster": "false",
                            "project": "my-terraform-gke",
                            "resource_labels.%": "0",
                            "subnetwork": "projects/my-terraform-gke/regions/us-east1/subnetworks/default",
                            "zone": "us-east1"
                        },
                        "meta": {
                            "e2bfb730-ecaa-11e6-8f88-34363bc7c4c0": {
                                "create": 1800000000000,
                                "delete": 1800000000000,
                                "update": 600000000000
                            },
                            "schema_version": "1"
                        },
                        "tainted": false
                    },
                    "deposed": [],
                    "provider": "provider.google"
                }
            },
            "depends_on": []
        }
    ]
}
